{
  "name": "lithium",
  "version": "1.0.0",
  "lockfileVersion": 3,
  "requires": true,
  "packages": {
    "": {
      "name": "lithium",
      "version": "1.0.0",
      "license": "MIT",
      "dependencies": {
        "@babylonjs/core": "^7.0.0",
        "@babylonjs/havok": "^1.3.4",
        "@babylonjs/inspector": "^7.0.0",
        "@babylonjs/loaders": "^7.0.0",
        "@babylonjs/materials": "^7.0.0",
        "@picocss/pico": "^2.0.6",
        "htmx.org": "^1.9.11",
        "katex": "^0.16.21",
        "socket.io-client": "^4.7.5"
      },
      "devDependencies": {
        "@webgpu/types": "^0.1.45",
        "esbuild": "^0.25.3",
        "sass": "^1.72.0",
        "typescript": "^5.4.3"
      }
    },
    "node_modules/@babylonjs/core": {
      "version": "7.54.3",
      "resolved": "https://registry.npmjs.org/@babylonjs/core/-/core-7.54.3.tgz",
      "integrity": "sha512-P5ncXVd8GEUJLhwloP9V0oVwQYIrvZztguVeLlvd5Rx+9aQnenKjpV8auJ6SRsUlAmNZU4pFTKzwF6o2EUfhAw==",
      "license": "Apache-2.0"
    },
    "node_modules/@babylonjs/gui": {
      "version": "7.54.3",
      "resolved": "https://registry.npmjs.org/@babylonjs/gui/-/gui-7.54.3.tgz",
      "integrity": "sha512-fsPJpfMWXliEFXhVYk9eqRjT1JB+Zv0TtSDs9QWdUKhVexCyaeDCcMS7j+YkQhupOHpR8HBYXlsP/7je4NmbDg==",
      "license": "Apache-2.0",
      "peer": true,
      "peerDependencies": {
        "@babylonjs/core": "^7.0.0"
      }
    },
    "node_modules/@babylonjs/gui-editor": {
      "version": "7.54.3",
      "resolved": "https://registry.npmjs.org/@babylonjs/gui-editor/-/gui-editor-7.54.3.tgz",
      "integrity": "sha512-LUQprHPDUpe5Y69ZnLhbtKXwE7czxs8M+0VNunITJ7sr4FMnb8YSgXXH86xif62XdFb/cUBHSRimJNrufNsXQg==",
      "license": "Apache-2.0",
      "peer": true,
      "peerDependencies": {
        "@babylonjs/core": "^7.0.0",
        "@babylonjs/gui": "^7.0.0",
        "@types/react": ">=16.7.3",
        "@types/react-dom": ">=16.0.9"
      }
    },
    "node_modules/@babylonjs/havok": {
      "version": "1.3.10",
      "resolved": "https://registry.npmjs.org/@babylonjs/havok/-/havok-1.3.10.tgz",
      "integrity": "sha512-ddF0LPBVmg+rmPaMmwTPA9FcHyUnrSsQqFoBbYbN51WMhEJQ+7gRFW3J5lML6lN9M/fbknh6bh1ZirZ2bU2B/w==",
      "license": "MIT",
      "dependencies": {
        "@types/emscripten": "^1.39.6"
      }
    },
    "node_modules/@babylonjs/inspector": {
      "version": "7.54.3",
      "resolved": "https://registry.npmjs.org/@babylonjs/inspector/-/inspector-7.54.3.tgz",
      "integrity": "sha512-/XVZVYERFNccn55mR+KFKqaw5Mu7eOc2UM/Q12jnB3YmfS25+YFjAJN5mYViGpQqmq5BMr0/Os9Y1qMRJnkEDw==",
      "license": "Apache-2.0",
      "dependencies": {
        "@fortawesome/fontawesome-svg-core": "^6.1.0",
        "@fortawesome/free-regular-svg-icons": "^6.0.0",
        "@fortawesome/free-solid-svg-icons": "^6.0.0"
      },
      "peerDependencies": {
        "@babylonjs/core": "^7.0.0",
        "@babylonjs/gui": "^7.0.0",
        "@babylonjs/gui-editor": "^7.0.0",
        "@babylonjs/loaders": "^7.0.0",
        "@babylonjs/materials": "^7.0.0",
        "@babylonjs/serializers": "^7.0.0",
        "@types/react": ">=16.7.3",
        "@types/react-dom": ">=16.0.9"
      }
    },
    "node_modules/@babylonjs/loaders": {
      "version": "7.54.3",
      "resolved": "https://registry.npmjs.org/@babylonjs/loaders/-/loaders-7.54.3.tgz",
      "integrity": "sha512-RBPmOsaMTxi6Ga08ueLTm6Tnvx/l2nNQigucubvrngZ7muwn5/ubfcStckkI1c0qvhR1+/FFlD54do7gZ1pnsQ==",
      "license": "Apache-2.0",
      "peerDependencies": {
        "@babylonjs/core": "^7.0.0",
        "babylonjs-gltf2interface": "^7.0.0"
      }
    },
    "node_modules/@babylonjs/materials": {
      "version": "7.54.3",
      "resolved": "https://registry.npmjs.org/@babylonjs/materials/-/materials-7.54.3.tgz",
      "integrity": "sha512-WYqvpX6+iR0/h/X0SaoFZH2hD1nDIzu9Qo86/yEK8R+whhShgpkJ9VDdTE1yYNBxf5azFoUrxWcMy3OXNn3Z3w==",
      "license": "Apache-2.0",
      "peerDependencies": {
        "@babylonjs/core": "^7.0.0"
      }
    },
    "node_modules/@babylonjs/serializers": {
      "version": "7.54.3",
      "resolved": "https://registry.npmjs.org/@babylonjs/serializers/-/serializers-7.54.3.tgz",
      "integrity": "sha512-G5s2VO/90ibU4uRVeB+4dVByNlKvDLb+gOk9P1hxBz000b3ZEwtNCKNyWbXaQOYHp6ktXXrwl8hgi03DS72gAg==",
      "license": "Apache-2.0",
      "peer": true,
      "peerDependencies": {
        "@babylonjs/core": "^7.0.0",
        "babylonjs-gltf2interface": "^7.0.0"
      }
    },
    "node_modules/@esbuild/aix-ppc64": {
      "version": "0.25.3",
      "resolved": "https://registry.npmjs.org/@esbuild/aix-ppc64/-/aix-ppc64-0.25.3.tgz",
      "integrity": "sha512-W8bFfPA8DowP8l//sxjJLSLkD8iEjMc7cBVyP+u4cEv9sM7mdUCkgsj+t0n/BWPFtv7WWCN5Yzj0N6FJNUUqBQ==",
      "cpu": [
        "ppc64"
      ],
      "dev": true,
      "license": "MIT",
      "optional": true,
      "os": [
        "aix"
      ],
      "engines": {
        "node": ">=18"
      }
    },
    "node_modules/@esbuild/android-arm": {
      "version": "0.25.3",
      "resolved": "https://registry.npmjs.org/@esbuild/android-arm/-/android-arm-0.25.3.tgz",
      "integrity": "sha512-PuwVXbnP87Tcff5I9ngV0lmiSu40xw1At6i3GsU77U7cjDDB4s0X2cyFuBiDa1SBk9DnvWwnGvVaGBqoFWPb7A==",
      "cpu": [
        "arm"
      ],
      "dev": true,
      "license": "MIT",
      "optional": true,
      "os": [
        "android"
      ],
      "engines": {
        "node": ">=18"
      }
    },
    "node_modules/@esbuild/android-arm64": {
      "version": "0.25.3",
      "resolved": "https://registry.npmjs.org/@esbuild/android-arm64/-/android-arm64-0.25.3.tgz",
      "integrity": "sha512-XelR6MzjlZuBM4f5z2IQHK6LkK34Cvv6Rj2EntER3lwCBFdg6h2lKbtRjpTTsdEjD/WSe1q8UyPBXP1x3i/wYQ==",
      "cpu": [
        "arm64"
      ],
      "dev": true,
      "license": "MIT",
      "optional": true,
      "os": [
        "android"
      ],
      "engines": {
        "node": ">=18"
      }
    },
    "node_modules/@esbuild/android-x64": {
      "version": "0.25.3",
      "resolved": "https://registry.npmjs.org/@esbuild/android-x64/-/android-x64-0.25.3.tgz",
      "integrity": "sha512-ogtTpYHT/g1GWS/zKM0cc/tIebFjm1F9Aw1boQ2Y0eUQ+J89d0jFY//s9ei9jVIlkYi8AfOjiixcLJSGNSOAdQ==",
      "cpu": [
        "x64"
      ],
      "dev": true,
      "license": "MIT",
      "optional": true,
      "os": [
        "android"
      ],
      "engines": {
        "node": ">=18"
      }
    },
    "node_modules/@esbuild/darwin-arm64": {
      "version": "0.25.3",
      "resolved": "https://registry.npmjs.org/@esbuild/darwin-arm64/-/darwin-arm64-0.25.3.tgz",
      "integrity": "sha512-eESK5yfPNTqpAmDfFWNsOhmIOaQA59tAcF/EfYvo5/QWQCzXn5iUSOnqt3ra3UdzBv073ykTtmeLJZGt3HhA+w==",
      "cpu": [
        "arm64"
      ],
      "dev": true,
      "license": "MIT",
      "optional": true,
      "os": [
        "darwin"
      ],
      "engines": {
        "node": ">=18"
      }
    },
    "node_modules/@esbuild/darwin-x64": {
      "version": "0.25.3",
      "resolved": "https://registry.npmjs.org/@esbuild/darwin-x64/-/darwin-x64-0.25.3.tgz",
      "integrity": "sha512-Kd8glo7sIZtwOLcPbW0yLpKmBNWMANZhrC1r6K++uDR2zyzb6AeOYtI6udbtabmQpFaxJ8uduXMAo1gs5ozz8A==",
      "cpu": [
        "x64"
      ],
      "dev": true,
      "license": "MIT",
      "optional": true,
      "os": [
        "darwin"
      ],
      "engines": {
        "node": ">=18"
      }
    },
    "node_modules/@esbuild/freebsd-arm64": {
      "version": "0.25.3",
      "resolved": "https://registry.npmjs.org/@esbuild/freebsd-arm64/-/freebsd-arm64-0.25.3.tgz",
      "integrity": "sha512-EJiyS70BYybOBpJth3M0KLOus0n+RRMKTYzhYhFeMwp7e/RaajXvP+BWlmEXNk6uk+KAu46j/kaQzr6au+JcIw==",
      "cpu": [
        "arm64"
      ],
      "dev": true,
      "license": "MIT",
      "optional": true,
      "os": [
        "freebsd"
      ],
      "engines": {
        "node": ">=18"
      }
    },
    "node_modules/@esbuild/freebsd-x64": {
      "version": "0.25.3",
      "resolved": "https://registry.npmjs.org/@esbuild/freebsd-x64/-/freebsd-x64-0.25.3.tgz",
      "integrity": "sha512-Q+wSjaLpGxYf7zC0kL0nDlhsfuFkoN+EXrx2KSB33RhinWzejOd6AvgmP5JbkgXKmjhmpfgKZq24pneodYqE8Q==",
      "cpu": [
        "x64"
      ],
      "dev": true,
      "license": "MIT",
      "optional": true,
      "os": [
        "freebsd"
      ],
      "engines": {
        "node": ">=18"
      }
    },
    "node_modules/@esbuild/linux-arm": {
      "version": "0.25.3",
      "resolved": "https://registry.npmjs.org/@esbuild/linux-arm/-/linux-arm-0.25.3.tgz",
      "integrity": "sha512-dUOVmAUzuHy2ZOKIHIKHCm58HKzFqd+puLaS424h6I85GlSDRZIA5ycBixb3mFgM0Jdh+ZOSB6KptX30DD8YOQ==",
      "cpu": [
        "arm"
      ],
      "dev": true,
      "license": "MIT",
      "optional": true,
      "os": [
        "linux"
      ],
      "engines": {
        "node": ">=18"
      }
    },
    "node_modules/@esbuild/linux-arm64": {
      "version": "0.25.3",
      "resolved": "https://registry.npmjs.org/@esbuild/linux-arm64/-/linux-arm64-0.25.3.tgz",
      "integrity": "sha512-xCUgnNYhRD5bb1C1nqrDV1PfkwgbswTTBRbAd8aH5PhYzikdf/ddtsYyMXFfGSsb/6t6QaPSzxtbfAZr9uox4A==",
      "cpu": [
        "arm64"
      ],
      "dev": true,
      "license": "MIT",
      "optional": true,
      "os": [
        "linux"
      ],
      "engines": {
        "node": ">=18"
      }
    },
    "node_modules/@esbuild/linux-ia32": {
      "version": "0.25.3",
      "resolved": "https://registry.npmjs.org/@esbuild/linux-ia32/-/linux-ia32-0.25.3.tgz",
      "integrity": "sha512-yplPOpczHOO4jTYKmuYuANI3WhvIPSVANGcNUeMlxH4twz/TeXuzEP41tGKNGWJjuMhotpGabeFYGAOU2ummBw==",
      "cpu": [
        "ia32"
      ],
      "dev": true,
      "license": "MIT",
      "optional": true,
      "os": [
        "linux"
      ],
      "engines": {
        "node": ">=18"
      }
    },
    "node_modules/@esbuild/linux-loong64": {
      "version": "0.25.3",
      "resolved": "https://registry.npmjs.org/@esbuild/linux-loong64/-/linux-loong64-0.25.3.tgz",
      "integrity": "sha512-P4BLP5/fjyihmXCELRGrLd793q/lBtKMQl8ARGpDxgzgIKJDRJ/u4r1A/HgpBpKpKZelGct2PGI4T+axcedf6g==",
      "cpu": [
        "loong64"
      ],
      "dev": true,
      "license": "MIT",
      "optional": true,
      "os": [
        "linux"
      ],
      "engines": {
        "node": ">=18"
      }
    },
    "node_modules/@esbuild/linux-mips64el": {
      "version": "0.25.3",
      "resolved": "https://registry.npmjs.org/@esbuild/linux-mips64el/-/linux-mips64el-0.25.3.tgz",
      "integrity": "sha512-eRAOV2ODpu6P5divMEMa26RRqb2yUoYsuQQOuFUexUoQndm4MdpXXDBbUoKIc0iPa4aCO7gIhtnYomkn2x+bag==",
      "cpu": [
        "mips64el"
      ],
      "dev": true,
      "license": "MIT",
      "optional": true,
      "os": [
        "linux"
      ],
      "engines": {
        "node": ">=18"
      }
    },
    "node_modules/@esbuild/linux-ppc64": {
      "version": "0.25.3",
      "resolved": "https://registry.npmjs.org/@esbuild/linux-ppc64/-/linux-ppc64-0.25.3.tgz",
      "integrity": "sha512-ZC4jV2p7VbzTlnl8nZKLcBkfzIf4Yad1SJM4ZMKYnJqZFD4rTI+pBG65u8ev4jk3/MPwY9DvGn50wi3uhdaghg==",
      "cpu": [
        "ppc64"
      ],
      "dev": true,
      "license": "MIT",
      "optional": true,
      "os": [
        "linux"
      ],
      "engines": {
        "node": ">=18"
      }
    },
    "node_modules/@esbuild/linux-riscv64": {
      "version": "0.25.3",
      "resolved": "https://registry.npmjs.org/@esbuild/linux-riscv64/-/linux-riscv64-0.25.3.tgz",
      "integrity": "sha512-LDDODcFzNtECTrUUbVCs6j9/bDVqy7DDRsuIXJg6so+mFksgwG7ZVnTruYi5V+z3eE5y+BJZw7VvUadkbfg7QA==",
      "cpu": [
        "riscv64"
      ],
      "dev": true,
      "license": "MIT",
      "optional": true,
      "os": [
        "linux"
      ],
      "engines": {
        "node": ">=18"
      }
    },
    "node_modules/@esbuild/linux-s390x": {
      "version": "0.25.3",
      "resolved": "https://registry.npmjs.org/@esbuild/linux-s390x/-/linux-s390x-0.25.3.tgz",
      "integrity": "sha512-s+w/NOY2k0yC2p9SLen+ymflgcpRkvwwa02fqmAwhBRI3SC12uiS10edHHXlVWwfAagYSY5UpmT/zISXPMW3tQ==",
      "cpu": [
        "s390x"
      ],
      "dev": true,
      "license": "MIT",
      "optional": true,
      "os": [
        "linux"
      ],
      "engines": {
        "node": ">=18"
      }
    },
    "node_modules/@esbuild/linux-x64": {
      "version": "0.25.3",
      "resolved": "https://registry.npmjs.org/@esbuild/linux-x64/-/linux-x64-0.25.3.tgz",
      "integrity": "sha512-nQHDz4pXjSDC6UfOE1Fw9Q8d6GCAd9KdvMZpfVGWSJztYCarRgSDfOVBY5xwhQXseiyxapkiSJi/5/ja8mRFFA==",
      "cpu": [
        "x64"
      ],
      "dev": true,
      "license": "MIT",
      "optional": true,
      "os": [
        "linux"
      ],
      "engines": {
        "node": ">=18"
      }
    },
    "node_modules/@esbuild/netbsd-arm64": {
      "version": "0.25.3",
      "resolved": "https://registry.npmjs.org/@esbuild/netbsd-arm64/-/netbsd-arm64-0.25.3.tgz",
      "integrity": "sha512-1QaLtOWq0mzK6tzzp0jRN3eccmN3hezey7mhLnzC6oNlJoUJz4nym5ZD7mDnS/LZQgkrhEbEiTn515lPeLpgWA==",
      "cpu": [
        "arm64"
      ],
      "dev": true,
      "license": "MIT",
      "optional": true,
      "os": [
        "netbsd"
      ],
      "engines": {
        "node": ">=18"
      }
    },
    "node_modules/@esbuild/netbsd-x64": {
      "version": "0.25.3",
      "resolved": "https://registry.npmjs.org/@esbuild/netbsd-x64/-/netbsd-x64-0.25.3.tgz",
      "integrity": "sha512-i5Hm68HXHdgv8wkrt+10Bc50zM0/eonPb/a/OFVfB6Qvpiirco5gBA5bz7S2SHuU+Y4LWn/zehzNX14Sp4r27g==",
      "cpu": [
        "x64"
      ],
      "dev": true,
      "license": "MIT",
      "optional": true,
      "os": [
        "netbsd"
      ],
      "engines": {
        "node": ">=18"
      }
    },
    "node_modules/@esbuild/openbsd-arm64": {
      "version": "0.25.3",
      "resolved": "https://registry.npmjs.org/@esbuild/openbsd-arm64/-/openbsd-arm64-0.25.3.tgz",
      "integrity": "sha512-zGAVApJEYTbOC6H/3QBr2mq3upG/LBEXr85/pTtKiv2IXcgKV0RT0QA/hSXZqSvLEpXeIxah7LczB4lkiYhTAQ==",
      "cpu": [
        "arm64"
      ],
      "dev": true,
      "license": "MIT",
      "optional": true,
      "os": [
        "openbsd"
      ],
      "engines": {
        "node": ">=18"
      }
    },
    "node_modules/@esbuild/openbsd-x64": {
      "version": "0.25.3",
      "resolved": "https://registry.npmjs.org/@esbuild/openbsd-x64/-/openbsd-x64-0.25.3.tgz",
      "integrity": "sha512-fpqctI45NnCIDKBH5AXQBsD0NDPbEFczK98hk/aa6HJxbl+UtLkJV2+Bvy5hLSLk3LHmqt0NTkKNso1A9y1a4w==",
      "cpu": [
        "x64"
      ],
      "dev": true,
      "license": "MIT",
      "optional": true,
      "os": [
        "openbsd"
      ],
      "engines": {
        "node": ">=18"
      }
    },
    "node_modules/@esbuild/sunos-x64": {
      "version": "0.25.3",
      "resolved": "https://registry.npmjs.org/@esbuild/sunos-x64/-/sunos-x64-0.25.3.tgz",
      "integrity": "sha512-ROJhm7d8bk9dMCUZjkS8fgzsPAZEjtRJqCAmVgB0gMrvG7hfmPmz9k1rwO4jSiblFjYmNvbECL9uhaPzONMfgA==",
      "cpu": [
        "x64"
      ],
      "dev": true,
      "license": "MIT",
      "optional": true,
      "os": [
        "sunos"
      ],
      "engines": {
        "node": ">=18"
      }
    },
    "node_modules/@esbuild/win32-arm64": {
      "version": "0.25.3",
      "resolved": "https://registry.npmjs.org/@esbuild/win32-arm64/-/win32-arm64-0.25.3.tgz",
      "integrity": "sha512-YWcow8peiHpNBiIXHwaswPnAXLsLVygFwCB3A7Bh5jRkIBFWHGmNQ48AlX4xDvQNoMZlPYzjVOQDYEzWCqufMQ==",
      "cpu": [
        "arm64"
      ],
      "dev": true,
      "license": "MIT",
      "optional": true,
      "os": [
        "win32"
      ],
      "engines": {
        "node": ">=18"
      }
    },
    "node_modules/@esbuild/win32-ia32": {
      "version": "0.25.3",
      "resolved": "https://registry.npmjs.org/@esbuild/win32-ia32/-/win32-ia32-0.25.3.tgz",
      "integrity": "sha512-qspTZOIGoXVS4DpNqUYUs9UxVb04khS1Degaw/MnfMe7goQ3lTfQ13Vw4qY/Nj0979BGvMRpAYbs/BAxEvU8ew==",
      "cpu": [
        "ia32"
      ],
      "dev": true,
      "license": "MIT",
      "optional": true,
      "os": [
        "win32"
      ],
      "engines": {
        "node": ">=18"
      }
    },
    "node_modules/@esbuild/win32-x64": {
      "version": "0.25.3",
      "resolved": "https://registry.npmjs.org/@esbuild/win32-x64/-/win32-x64-0.25.3.tgz",
      "integrity": "sha512-ICgUR+kPimx0vvRzf+N/7L7tVSQeE3BYY+NhHRHXS1kBuPO7z2+7ea2HbhDyZdTephgvNvKrlDDKUexuCVBVvg==",
      "cpu": [
        "x64"
      ],
      "dev": true,
      "license": "MIT",
      "optional": true,
      "os": [
        "win32"
      ],
      "engines": {
        "node": ">=18"
      }
    },
    "node_modules/@fortawesome/fontawesome-common-types": {
      "version": "6.7.2",
      "resolved": "https://registry.npmjs.org/@fortawesome/fontawesome-common-types/-/fontawesome-common-types-6.7.2.tgz",
      "integrity": "sha512-Zs+YeHUC5fkt7Mg1l6XTniei3k4bwG/yo3iFUtZWd/pMx9g3fdvkSK9E0FOC+++phXOka78uJcYb8JaFkW52Xg==",
      "license": "MIT",
      "engines": {
        "node": ">=6"
      }
    },
    "node_modules/@fortawesome/fontawesome-svg-core": {
      "version": "6.7.2",
      "resolved": "https://registry.npmjs.org/@fortawesome/fontawesome-svg-core/-/fontawesome-svg-core-6.7.2.tgz",
      "integrity": "sha512-yxtOBWDrdi5DD5o1pmVdq3WMCvnobT0LU6R8RyyVXPvFRd2o79/0NCuQoCjNTeZz9EzA9xS3JxNWfv54RIHFEA==",
      "license": "MIT",
      "dependencies": {
        "@fortawesome/fontawesome-common-types": "6.7.2"
      },
      "engines": {
        "node": ">=6"
      }
    },
    "node_modules/@fortawesome/free-regular-svg-icons": {
      "version": "6.7.2",
      "resolved": "https://registry.npmjs.org/@fortawesome/free-regular-svg-icons/-/free-regular-svg-icons-6.7.2.tgz",
      "integrity": "sha512-7Z/ur0gvCMW8G93dXIQOkQqHo2M5HLhYrRVC0//fakJXxcF1VmMPsxnG6Ee8qEylA8b8Q3peQXWMNZ62lYF28g==",
      "license": "(CC-BY-4.0 AND MIT)",
      "dependencies": {
        "@fortawesome/fontawesome-common-types": "6.7.2"
      },
      "engines": {
        "node": ">=6"
      }
    },
    "node_modules/@fortawesome/free-solid-svg-icons": {
      "version": "6.7.2",
      "resolved": "https://registry.npmjs.org/@fortawesome/free-solid-svg-icons/-/free-solid-svg-icons-6.7.2.tgz",
      "integrity": "sha512-GsBrnOzU8uj0LECDfD5zomZJIjrPhIlWU82AHwa2s40FKH+kcxQaBvBo3Z4TxyZHIyX8XTDxsyA33/Vx9eFuQA==",
      "license": "(CC-BY-4.0 AND MIT)",
      "dependencies": {
        "@fortawesome/fontawesome-common-types": "6.7.2"
      },
      "engines": {
        "node": ">=6"
      }
    },
    "node_modules/@parcel/watcher": {
      "version": "2.5.1",
      "resolved": "https://registry.npmjs.org/@parcel/watcher/-/watcher-2.5.1.tgz",
      "integrity": "sha512-dfUnCxiN9H4ap84DvD2ubjw+3vUNpstxa0TneY/Paat8a3R4uQZDLSvWjmznAY/DoahqTHl9V46HF/Zs3F29pg==",
      "dev": true,
      "hasInstallScript": true,
      "license": "MIT",
      "optional": true,
      "dependencies": {
        "detect-libc": "^1.0.3",
        "is-glob": "^4.0.3",
        "micromatch": "^4.0.5",
        "node-addon-api": "^7.0.0"
      },
      "engines": {
        "node": ">= 10.0.0"
      },
      "funding": {
        "type": "opencollective",
        "url": "https://opencollective.com/parcel"
      },
      "optionalDependencies": {
        "@parcel/watcher-android-arm64": "2.5.1",
        "@parcel/watcher-darwin-arm64": "2.5.1",
        "@parcel/watcher-darwin-x64": "2.5.1",
        "@parcel/watcher-freebsd-x64": "2.5.1",
        "@parcel/watcher-linux-arm-glibc": "2.5.1",
        "@parcel/watcher-linux-arm-musl": "2.5.1",
        "@parcel/watcher-linux-arm64-glibc": "2.5.1",
        "@parcel/watcher-linux-arm64-musl": "2.5.1",
        "@parcel/watcher-linux-x64-glibc": "2.5.1",
        "@parcel/watcher-linux-x64-musl": "2.5.1",
        "@parcel/watcher-win32-arm64": "2.5.1",
        "@parcel/watcher-win32-ia32": "2.5.1",
        "@parcel/watcher-win32-x64": "2.5.1"
      }
    },
    "node_modules/@parcel/watcher-android-arm64": {
      "version": "2.5.1",
      "resolved": "https://registry.npmjs.org/@parcel/watcher-android-arm64/-/watcher-android-arm64-2.5.1.tgz",
      "integrity": "sha512-KF8+j9nNbUN8vzOFDpRMsaKBHZ/mcjEjMToVMJOhTozkDonQFFrRcfdLWn6yWKCmJKmdVxSgHiYvTCef4/qcBA==",
      "cpu": [
        "arm64"
      ],
      "dev": true,
      "license": "MIT",
      "optional": true,
      "os": [
        "android"
      ],
      "engines": {
        "node": ">= 10.0.0"
      },
      "funding": {
        "type": "opencollective",
        "url": "https://opencollective.com/parcel"
      }
    },
    "node_modules/@parcel/watcher-darwin-arm64": {
      "version": "2.5.1",
      "resolved": "https://registry.npmjs.org/@parcel/watcher-darwin-arm64/-/watcher-darwin-arm64-2.5.1.tgz",
      "integrity": "sha512-eAzPv5osDmZyBhou8PoF4i6RQXAfeKL9tjb3QzYuccXFMQU0ruIc/POh30ePnaOyD1UXdlKguHBmsTs53tVoPw==",
      "cpu": [
        "arm64"
      ],
      "dev": true,
      "license": "MIT",
      "optional": true,
      "os": [
        "darwin"
      ],
      "engines": {
        "node": ">= 10.0.0"
      },
      "funding": {
        "type": "opencollective",
        "url": "https://opencollective.com/parcel"
      }
    },
    "node_modules/@parcel/watcher-darwin-x64": {
      "version": "2.5.1",
      "resolved": "https://registry.npmjs.org/@parcel/watcher-darwin-x64/-/watcher-darwin-x64-2.5.1.tgz",
      "integrity": "sha512-1ZXDthrnNmwv10A0/3AJNZ9JGlzrF82i3gNQcWOzd7nJ8aj+ILyW1MTxVk35Db0u91oD5Nlk9MBiujMlwmeXZg==",
      "cpu": [
        "x64"
      ],
      "dev": true,
      "license": "MIT",
      "optional": true,
      "os": [
        "darwin"
      ],
      "engines": {
        "node": ">= 10.0.0"
      },
      "funding": {
        "type": "opencollective",
        "url": "https://opencollective.com/parcel"
      }
    },
    "node_modules/@parcel/watcher-freebsd-x64": {
      "version": "2.5.1",
      "resolved": "https://registry.npmjs.org/@parcel/watcher-freebsd-x64/-/watcher-freebsd-x64-2.5.1.tgz",
      "integrity": "sha512-SI4eljM7Flp9yPuKi8W0ird8TI/JK6CSxju3NojVI6BjHsTyK7zxA9urjVjEKJ5MBYC+bLmMcbAWlZ+rFkLpJQ==",
      "cpu": [
        "x64"
      ],
      "dev": true,
      "license": "MIT",
      "optional": true,
      "os": [
        "freebsd"
      ],
      "engines": {
        "node": ">= 10.0.0"
      },
      "funding": {
        "type": "opencollective",
        "url": "https://opencollective.com/parcel"
      }
    },
    "node_modules/@parcel/watcher-linux-arm-glibc": {
      "version": "2.5.1",
      "resolved": "https://registry.npmjs.org/@parcel/watcher-linux-arm-glibc/-/watcher-linux-arm-glibc-2.5.1.tgz",
      "integrity": "sha512-RCdZlEyTs8geyBkkcnPWvtXLY44BCeZKmGYRtSgtwwnHR4dxfHRG3gR99XdMEdQ7KeiDdasJwwvNSF5jKtDwdA==",
      "cpu": [
        "arm"
      ],
      "dev": true,
      "license": "MIT",
      "optional": true,
      "os": [
        "linux"
      ],
      "engines": {
        "node": ">= 10.0.0"
      },
      "funding": {
        "type": "opencollective",
        "url": "https://opencollective.com/parcel"
      }
    },
    "node_modules/@parcel/watcher-linux-arm-musl": {
      "version": "2.5.1",
      "resolved": "https://registry.npmjs.org/@parcel/watcher-linux-arm-musl/-/watcher-linux-arm-musl-2.5.1.tgz",
      "integrity": "sha512-6E+m/Mm1t1yhB8X412stiKFG3XykmgdIOqhjWj+VL8oHkKABfu/gjFj8DvLrYVHSBNC+/u5PeNrujiSQ1zwd1Q==",
      "cpu": [
        "arm"
      ],
      "dev": true,
      "license": "MIT",
      "optional": true,
      "os": [
        "linux"
      ],
      "engines": {
        "node": ">= 10.0.0"
      },
      "funding": {
        "type": "opencollective",
        "url": "https://opencollective.com/parcel"
      }
    },
    "node_modules/@parcel/watcher-linux-arm64-glibc": {
      "version": "2.5.1",
      "resolved": "https://registry.npmjs.org/@parcel/watcher-linux-arm64-glibc/-/watcher-linux-arm64-glibc-2.5.1.tgz",
      "integrity": "sha512-LrGp+f02yU3BN9A+DGuY3v3bmnFUggAITBGriZHUREfNEzZh/GO06FF5u2kx8x+GBEUYfyTGamol4j3m9ANe8w==",
      "cpu": [
        "arm64"
      ],
      "dev": true,
      "license": "MIT",
      "optional": true,
      "os": [
        "linux"
      ],
      "engines": {
        "node": ">= 10.0.0"
      },
      "funding": {
        "type": "opencollective",
        "url": "https://opencollective.com/parcel"
      }
    },
    "node_modules/@parcel/watcher-linux-arm64-musl": {
      "version": "2.5.1",
      "resolved": "https://registry.npmjs.org/@parcel/watcher-linux-arm64-musl/-/watcher-linux-arm64-musl-2.5.1.tgz",
      "integrity": "sha512-cFOjABi92pMYRXS7AcQv9/M1YuKRw8SZniCDw0ssQb/noPkRzA+HBDkwmyOJYp5wXcsTrhxO0zq1U11cK9jsFg==",
      "cpu": [
        "arm64"
      ],
      "dev": true,
      "license": "MIT",
      "optional": true,
      "os": [
        "linux"
      ],
      "engines": {
        "node": ">= 10.0.0"
      },
      "funding": {
        "type": "opencollective",
        "url": "https://opencollective.com/parcel"
      }
    },
    "node_modules/@parcel/watcher-linux-x64-glibc": {
      "version": "2.5.1",
      "resolved": "https://registry.npmjs.org/@parcel/watcher-linux-x64-glibc/-/watcher-linux-x64-glibc-2.5.1.tgz",
      "integrity": "sha512-GcESn8NZySmfwlTsIur+49yDqSny2IhPeZfXunQi48DMugKeZ7uy1FX83pO0X22sHntJ4Ub+9k34XQCX+oHt2A==",
      "cpu": [
        "x64"
      ],
      "dev": true,
      "license": "MIT",
      "optional": true,
      "os": [
        "linux"
      ],
      "engines": {
        "node": ">= 10.0.0"
      },
      "funding": {
        "type": "opencollective",
        "url": "https://opencollective.com/parcel"
      }
    },
    "node_modules/@parcel/watcher-linux-x64-musl": {
      "version": "2.5.1",
      "resolved": "https://registry.npmjs.org/@parcel/watcher-linux-x64-musl/-/watcher-linux-x64-musl-2.5.1.tgz",
      "integrity": "sha512-n0E2EQbatQ3bXhcH2D1XIAANAcTZkQICBPVaxMeaCVBtOpBZpWJuf7LwyWPSBDITb7In8mqQgJ7gH8CILCURXg==",
      "cpu": [
        "x64"
      ],
      "dev": true,
      "license": "MIT",
      "optional": true,
      "os": [
        "linux"
      ],
      "engines": {
        "node": ">= 10.0.0"
      },
      "funding": {
        "type": "opencollective",
        "url": "https://opencollective.com/parcel"
      }
    },
    "node_modules/@parcel/watcher-win32-arm64": {
      "version": "2.5.1",
      "resolved": "https://registry.npmjs.org/@parcel/watcher-win32-arm64/-/watcher-win32-arm64-2.5.1.tgz",
      "integrity": "sha512-RFzklRvmc3PkjKjry3hLF9wD7ppR4AKcWNzH7kXR7GUe0Igb3Nz8fyPwtZCSquGrhU5HhUNDr/mKBqj7tqA2Vw==",
      "cpu": [
        "arm64"
      ],
      "dev": true,
      "license": "MIT",
      "optional": true,
      "os": [
        "win32"
      ],
      "engines": {
        "node": ">= 10.0.0"
      },
      "funding": {
        "type": "opencollective",
        "url": "https://opencollective.com/parcel"
      }
    },
    "node_modules/@parcel/watcher-win32-ia32": {
      "version": "2.5.1",
      "resolved": "https://registry.npmjs.org/@parcel/watcher-win32-ia32/-/watcher-win32-ia32-2.5.1.tgz",
      "integrity": "sha512-c2KkcVN+NJmuA7CGlaGD1qJh1cLfDnQsHjE89E60vUEMlqduHGCdCLJCID5geFVM0dOtA3ZiIO8BoEQmzQVfpQ==",
      "cpu": [
        "ia32"
      ],
      "dev": true,
      "license": "MIT",
      "optional": true,
      "os": [
        "win32"
      ],
      "engines": {
        "node": ">= 10.0.0"
      },
      "funding": {
        "type": "opencollective",
        "url": "https://opencollective.com/parcel"
      }
    },
    "node_modules/@parcel/watcher-win32-x64": {
      "version": "2.5.1",
      "resolved": "https://registry.npmjs.org/@parcel/watcher-win32-x64/-/watcher-win32-x64-2.5.1.tgz",
      "integrity": "sha512-9lHBdJITeNR++EvSQVUcaZoWupyHfXe1jZvGZ06O/5MflPcuPLtEphScIBL+AiCWBO46tDSHzWyD0uDmmZqsgA==",
      "cpu": [
        "x64"
      ],
      "dev": true,
      "license": "MIT",
      "optional": true,
      "os": [
        "win32"
      ],
      "engines": {
        "node": ">= 10.0.0"
      },
      "funding": {
        "type": "opencollective",
        "url": "https://opencollective.com/parcel"
      }
    },
    "node_modules/@picocss/pico": {
      "version": "2.1.1",
      "resolved": "https://registry.npmjs.org/@picocss/pico/-/pico-2.1.1.tgz",
      "integrity": "sha512-kIDugA7Ps4U+2BHxiNHmvgPIQDWPDU4IeU6TNRdvXQM1uZX+FibqDQT2xUOnnO2yq/LUHcwnGlu1hvf4KfXnMg==",
      "license": "MIT"
    },
    "node_modules/@socket.io/component-emitter": {
      "version": "3.1.2",
      "resolved": "https://registry.npmjs.org/@socket.io/component-emitter/-/component-emitter-3.1.2.tgz",
      "integrity": "sha512-9BCxFwvbGg/RsZK9tjXd8s4UcwR0MWeFQ1XEKIQVVvAGJyINdrqKMcTRyLoK8Rse1GjzLV9cwjWV1olXRWEXVA==",
      "license": "MIT"
    },
    "node_modules/@types/emscripten": {
      "version": "1.40.1",
      "resolved": "https://registry.npmjs.org/@types/emscripten/-/emscripten-1.40.1.tgz",
      "integrity": "sha512-sr53lnYkQNhjHNN0oJDdUm5564biioI5DuOpycufDVK7D3y+GR3oUswe2rlwY1nPNyusHbrJ9WoTyIHl4/Bpwg==",
      "license": "MIT"
    },
    "node_modules/@types/react": {
      "version": "19.1.2",
      "resolved": "https://registry.npmjs.org/@types/react/-/react-19.1.2.tgz",
      "integrity": "sha512-oxLPMytKchWGbnQM9O7D67uPa9paTNxO7jVoNMXgkkErULBPhPARCfkKL9ytcIJJRGjbsVwW4ugJzyFFvm/Tiw==",
      "license": "MIT",
      "peer": true,
      "dependencies": {
        "csstype": "^3.0.2"
      }
    },
    "node_modules/@types/react-dom": {
      "version": "19.1.3",
      "resolved": "https://registry.npmjs.org/@types/react-dom/-/react-dom-19.1.3.tgz",
      "integrity": "sha512-rJXC08OG0h3W6wDMFxQrZF00Kq6qQvw0djHRdzl3U5DnIERz0MRce3WVc7IS6JYBwtaP/DwYtRRjVlvivNveKg==",
      "license": "MIT",
      "peer": true,
      "peerDependencies": {
        "@types/react": "^19.0.0"
      }
    },
    "node_modules/@webgpu/types": {
      "version": "0.1.60",
      "resolved": "https://registry.npmjs.org/@webgpu/types/-/types-0.1.60.tgz",
      "integrity": "sha512-8B/tdfRFKdrnejqmvq95ogp8tf52oZ51p3f4QD5m5Paey/qlX4Rhhy5Y8tgFMi7Ms70HzcMMw3EQjH/jdhTwlA==",
      "dev": true,
      "license": "BSD-3-Clause"
    },
    "node_modules/babylonjs-gltf2interface": {
      "version": "7.54.3",
      "resolved": "https://registry.npmjs.org/babylonjs-gltf2interface/-/babylonjs-gltf2interface-7.54.3.tgz",
      "integrity": "sha512-ZAWYFyE+SOczfWT19O4e3YRkCZ5i57SiD2eK2kqc+Tow/t9X1S45xgSFNuHZff++dd5BlVIEQDSnFV+McFLSnQ==",
      "license": "Apache-2.0",
      "peer": true
    },
    "node_modules/braces": {
      "version": "3.0.3",
      "resolved": "https://registry.npmjs.org/braces/-/braces-3.0.3.tgz",
      "integrity": "sha512-yQbXgO/OSZVD2IsiLlro+7Hf6Q18EJrKSEsdoMzKePKXct3gvD8oLcOQdIzGupr5Fj+EDe8gO/lxc1BzfMpxvA==",
      "dev": true,
      "license": "MIT",
      "optional": true,
      "dependencies": {
        "fill-range": "^7.1.1"
      },
      "engines": {
        "node": ">=8"
      }
    },
    "node_modules/chokidar": {
      "version": "4.0.3",
      "resolved": "https://registry.npmjs.org/chokidar/-/chokidar-4.0.3.tgz",
      "integrity": "sha512-Qgzu8kfBvo+cA4962jnP1KkS6Dop5NS6g7R5LFYJr4b8Ub94PPQXUksCw9PvXoeXPRRddRNC5C1JQUR2SMGtnA==",
      "dev": true,
      "license": "MIT",
      "dependencies": {
        "readdirp": "^4.0.1"
      },
      "engines": {
        "node": ">= 14.16.0"
      },
      "funding": {
        "url": "https://paulmillr.com/funding/"
      }
    },
    "node_modules/commander": {
      "version": "8.3.0",
      "resolved": "https://registry.npmjs.org/commander/-/commander-8.3.0.tgz",
      "integrity": "sha512-OkTL9umf+He2DZkUq8f8J9of7yL6RJKI24dVITBmNfZBmri9zYZQrKkuXiKhyfPSu8tUhnVBB1iKXevvnlR4Ww==",
      "license": "MIT",
      "engines": {
        "node": ">= 12"
      }
    },
    "node_modules/csstype": {
      "version": "3.1.3",
      "resolved": "https://registry.npmjs.org/csstype/-/csstype-3.1.3.tgz",
      "integrity": "sha512-M1uQkMl8rQK/szD0LNhtqxIPLpimGm8sOBwU7lLnCpSbTyY3yeU1Vc7l4KT5zT4s/yOxHH5O7tIuuLOCnLADRw==",
      "license": "MIT",
      "peer": true
    },
    "node_modules/debug": {
      "version": "4.3.7",
      "resolved": "https://registry.npmjs.org/debug/-/debug-4.3.7.tgz",
      "integrity": "sha512-Er2nc/H7RrMXZBFCEim6TCmMk02Z8vLC2Rbi1KEBggpo0fS6l0S1nnapwmIi3yW/+GOJap1Krg4w0Hg80oCqgQ==",
      "license": "MIT",
      "dependencies": {
        "ms": "^2.1.3"
      },
      "engines": {
        "node": ">=6.0"
      },
      "peerDependenciesMeta": {
        "supports-color": {
          "optional": true
        }
      }
    },
    "node_modules/detect-libc": {
      "version": "1.0.3",
      "resolved": "https://registry.npmjs.org/detect-libc/-/detect-libc-1.0.3.tgz",
      "integrity": "sha512-pGjwhsmsp4kL2RTz08wcOlGN83otlqHeD/Z5T8GXZB+/YcpQ/dgo+lbU8ZsGxV0HIvqqxo9l7mqYwyYMD9bKDg==",
      "dev": true,
      "license": "Apache-2.0",
      "optional": true,
      "bin": {
        "detect-libc": "bin/detect-libc.js"
      },
      "engines": {
        "node": ">=0.10"
      }
    },
    "node_modules/engine.io-client": {
      "version": "6.6.3",
      "resolved": "https://registry.npmjs.org/engine.io-client/-/engine.io-client-6.6.3.tgz",
      "integrity": "sha512-T0iLjnyNWahNyv/lcjS2y4oE358tVS/SYQNxYXGAJ9/GLgH4VCvOQ/mhTjqU88mLZCQgiG8RIegFHYCdVC+j5w==",
      "license": "MIT",
      "dependencies": {
        "@socket.io/component-emitter": "~3.1.0",
        "debug": "~4.3.1",
        "engine.io-parser": "~5.2.1",
        "ws": "~8.17.1",
        "xmlhttprequest-ssl": "~2.1.1"
      }
    },
    "node_modules/engine.io-parser": {
      "version": "5.2.3",
      "resolved": "https://registry.npmjs.org/engine.io-parser/-/engine.io-parser-5.2.3.tgz",
      "integrity": "sha512-HqD3yTBfnBxIrbnM1DoD6Pcq8NECnh8d4As1Qgh0z5Gg3jRRIqijury0CL3ghu/edArpUYiYqQiDUQBIs4np3Q==",
      "license": "MIT",
      "engines": {
        "node": ">=10.0.0"
      }
    },
    "node_modules/esbuild": {
      "version": "0.25.3",
      "resolved": "https://registry.npmjs.org/esbuild/-/esbuild-0.25.3.tgz",
      "integrity": "sha512-qKA6Pvai73+M2FtftpNKRxJ78GIjmFXFxd/1DVBqGo/qNhLSfv+G12n9pNoWdytJC8U00TrViOwpjT0zgqQS8Q==",
      "dev": true,
      "hasInstallScript": true,
      "license": "MIT",
      "bin": {
        "esbuild": "bin/esbuild"
      },
      "engines": {
        "node": ">=18"
      },
      "optionalDependencies": {
        "@esbuild/aix-ppc64": "0.25.3",
        "@esbuild/android-arm": "0.25.3",
        "@esbuild/android-arm64": "0.25.3",
        "@esbuild/android-x64": "0.25.3",
        "@esbuild/darwin-arm64": "0.25.3",
        "@esbuild/darwin-x64": "0.25.3",
        "@esbuild/freebsd-arm64": "0.25.3",
        "@esbuild/freebsd-x64": "0.25.3",
        "@esbuild/linux-arm": "0.25.3",
        "@esbuild/linux-arm64": "0.25.3",
        "@esbuild/linux-ia32": "0.25.3",
        "@esbuild/linux-loong64": "0.25.3",
        "@esbuild/linux-mips64el": "0.25.3",
        "@esbuild/linux-ppc64": "0.25.3",
        "@esbuild/linux-riscv64": "0.25.3",
        "@esbuild/linux-s390x": "0.25.3",
        "@esbuild/linux-x64": "0.25.3",
        "@esbuild/netbsd-arm64": "0.25.3",
        "@esbuild/netbsd-x64": "0.25.3",
        "@esbuild/openbsd-arm64": "0.25.3",
        "@esbuild/openbsd-x64": "0.25.3",
        "@esbuild/sunos-x64": "0.25.3",
        "@esbuild/win32-arm64": "0.25.3",
        "@esbuild/win32-ia32": "0.25.3",
        "@esbuild/win32-x64": "0.25.3"
      }
    },
    "node_modules/fill-range": {
      "version": "7.1.1",
      "resolved": "https://registry.npmjs.org/fill-range/-/fill-range-7.1.1.tgz",
      "integrity": "sha512-YsGpe3WHLK8ZYi4tWDg2Jy3ebRz2rXowDxnld4bkQB00cc/1Zw9AWnC0i9ztDJitivtQvaI9KaLyKrc+hBW0yg==",
      "dev": true,
      "license": "MIT",
      "optional": true,
      "dependencies": {
        "to-regex-range": "^5.0.1"
      },
      "engines": {
        "node": ">=8"
      }
    },
    "node_modules/htmx.org": {
      "version": "1.9.12",
      "resolved": "https://registry.npmjs.org/htmx.org/-/htmx.org-1.9.12.tgz",
      "integrity": "sha512-VZAohXyF7xPGS52IM8d1T1283y+X4D+Owf3qY1NZ9RuBypyu9l8cGsxUMAG5fEAb/DhT7rDoJ9Hpu5/HxFD3cw==",
      "license": "0BSD"
    },
    "node_modules/immutable": {
      "version": "5.1.1",
      "resolved": "https://registry.npmjs.org/immutable/-/immutable-5.1.1.tgz",
      "integrity": "sha512-3jatXi9ObIsPGr3N5hGw/vWWcTkq6hUYhpQz4k0wLC+owqWi/LiugIw9x0EdNZ2yGedKN/HzePiBvaJRXa0Ujg==",
      "dev": true,
      "license": "MIT"
    },
    "node_modules/is-extglob": {
      "version": "2.1.1",
      "resolved": "https://registry.npmjs.org/is-extglob/-/is-extglob-2.1.1.tgz",
      "integrity": "sha512-SbKbANkN603Vi4jEZv49LeVJMn4yGwsbzZworEoyEiutsN3nJYdbO36zfhGJ6QEDpOZIFkDtnq5JRxmvl3jsoQ==",
      "dev": true,
      "license": "MIT",
      "optional": true,
      "engines": {
        "node": ">=0.10.0"
      }
    },
    "node_modules/is-glob": {
      "version": "4.0.3",
      "resolved": "https://registry.npmjs.org/is-glob/-/is-glob-4.0.3.tgz",
      "integrity": "sha512-xelSayHH36ZgE7ZWhli7pW34hNbNl8Ojv5KVmkJD4hBdD3th8Tfk9vYasLM+mXWOZhFkgZfxhLSnrwRr4elSSg==",
      "dev": true,
      "license": "MIT",
      "optional": true,
      "dependencies": {
        "is-extglob": "^2.1.1"
      },
      "engines": {
        "node": ">=0.10.0"
      }
    },
    "node_modules/is-number": {
      "version": "7.0.0",
      "resolved": "https://registry.npmjs.org/is-number/-/is-number-7.0.0.tgz",
      "integrity": "sha512-41Cifkg6e8TylSpdtTpeLVMqvSBEVzTttHvERD741+pnZ8ANv0004MRL43QKPDlK9cGvNp6NZWZUBlbGXYxxng==",
      "dev": true,
      "license": "MIT",
      "optional": true,
      "engines": {
        "node": ">=0.12.0"
      }
    },
    "node_modules/katex": {
      "version": "0.16.22",
      "resolved": "https://registry.npmjs.org/katex/-/katex-0.16.22.tgz",
      "integrity": "sha512-XCHRdUw4lf3SKBaJe4EvgqIuWwkPSo9XoeO8GjQW94Bp7TWv9hNhzZjZ+OH9yf1UmLygb7DIT5GSFQiyt16zYg==",
      "funding": [
        "https://opencollective.com/katex",
        "https://github.com/sponsors/katex"
      ],
      "license": "MIT",
      "dependencies": {
        "commander": "^8.3.0"
      },
      "bin": {
        "katex": "cli.js"
      }
    },
    "node_modules/micromatch": {
      "version": "4.0.8",
      "resolved": "https://registry.npmjs.org/micromatch/-/micromatch-4.0.8.tgz",
      "integrity": "sha512-PXwfBhYu0hBCPw8Dn0E+WDYb7af3dSLVWKi3HGv84IdF4TyFoC0ysxFd0Goxw7nSv4T/PzEJQxsYsEiFCKo2BA==",
      "dev": true,
      "license": "MIT",
      "optional": true,
      "dependencies": {
        "braces": "^3.0.3",
        "picomatch": "^2.3.1"
      },
      "engines": {
        "node": ">=8.6"
      }
    },
    "node_modules/ms": {
      "version": "2.1.3",
      "resolved": "https://registry.npmjs.org/ms/-/ms-2.1.3.tgz",
      "integrity": "sha512-6FlzubTLZG3J2a/NVCAleEhjzq5oxgHyaCU9yYXvcLsvoVaHJq/s5xXI6/XXP6tz7R9xAOtHnSO/tXtF3WRTlA==",
      "license": "MIT"
    },
    "node_modules/node-addon-api": {
      "version": "7.1.1",
      "resolved": "https://registry.npmjs.org/node-addon-api/-/node-addon-api-7.1.1.tgz",
      "integrity": "sha512-5m3bsyrjFWE1xf7nz7YXdN4udnVtXK6/Yfgn5qnahL6bCkf2yKt4k3nuTKAtT4r3IG8JNR2ncsIMdZuAzJjHQQ==",
      "dev": true,
      "license": "MIT",
      "optional": true
    },
    "node_modules/picomatch": {
      "version": "2.3.1",
      "resolved": "https://registry.npmjs.org/picomatch/-/picomatch-2.3.1.tgz",
      "integrity": "sha512-JU3teHTNjmE2VCGFzuY8EXzCDVwEqB2a8fsIvwaStHhAWJEeVd1o1QD80CU6+ZdEXXSLbSsuLwJjkCBWqRQUVA==",
      "dev": true,
      "license": "MIT",
      "optional": true,
      "engines": {
        "node": ">=8.6"
      },
      "funding": {
        "url": "https://github.com/sponsors/jonschlinkert"
      }
    },
    "node_modules/readdirp": {
      "version": "4.1.2",
      "resolved": "https://registry.npmjs.org/readdirp/-/readdirp-4.1.2.tgz",
      "integrity": "sha512-GDhwkLfywWL2s6vEjyhri+eXmfH6j1L7JE27WhqLeYzoh/A3DBaYGEj2H/HFZCn/kMfim73FXxEJTw06WtxQwg==",
      "dev": true,
      "license": "MIT",
      "engines": {
        "node": ">= 14.18.0"
      },
      "funding": {
        "type": "individual",
        "url": "https://paulmillr.com/funding/"
      }
    },
    "node_modules/sass": {
      "version": "1.87.0",
      "resolved": "https://registry.npmjs.org/sass/-/sass-1.87.0.tgz",
      "integrity": "sha512-d0NoFH4v6SjEK7BoX810Jsrhj7IQSYHAHLi/iSpgqKc7LaIDshFRlSg5LOymf9FqQhxEHs2W5ZQXlvy0KD45Uw==",
      "dev": true,
      "license": "MIT",
      "dependencies": {
        "chokidar": "^4.0.0",
        "immutable": "^5.0.2",
        "source-map-js": ">=0.6.2 <2.0.0"
      },
      "bin": {
        "sass": "sass.js"
      },
      "engines": {
        "node": ">=14.0.0"
      },
      "optionalDependencies": {
        "@parcel/watcher": "^2.4.1"
      }
    },
    "node_modules/socket.io-client": {
      "version": "4.8.1",
      "resolved": "https://registry.npmjs.org/socket.io-client/-/socket.io-client-4.8.1.tgz",
      "integrity": "sha512-hJVXfu3E28NmzGk8o1sHhN3om52tRvwYeidbj7xKy2eIIse5IoKX3USlS6Tqt3BHAtflLIkCQBkzVrEEfWUyYQ==",
      "license": "MIT",
      "dependencies": {
        "@socket.io/component-emitter": "~3.1.0",
        "debug": "~4.3.2",
        "engine.io-client": "~6.6.1",
        "socket.io-parser": "~4.2.4"
      },
      "engines": {
        "node": ">=10.0.0"
      }
    },
    "node_modules/socket.io-parser": {
      "version": "4.2.4",
      "resolved": "https://registry.npmjs.org/socket.io-parser/-/socket.io-parser-4.2.4.tgz",
      "integrity": "sha512-/GbIKmo8ioc+NIWIhwdecY0ge+qVBSMdgxGygevmdHj24bsfgtCmcUUcQ5ZzcylGFHsN3k4HB4Cgkl96KVnuew==",
      "license": "MIT",
      "dependencies": {
        "@socket.io/component-emitter": "~3.1.0",
        "debug": "~4.3.1"
      },
      "engines": {
        "node": ">=10.0.0"
      }
    },
    "node_modules/source-map-js": {
      "version": "1.2.1",
      "resolved": "https://registry.npmjs.org/source-map-js/-/source-map-js-1.2.1.tgz",
      "integrity": "sha512-UXWMKhLOwVKb728IUtQPXxfYU+usdybtUrK/8uGE8CQMvrhOpwvzDBwj0QhSL7MQc7vIsISBG8VQ8+IDQxpfQA==",
      "dev": true,
      "license": "BSD-3-Clause",
      "engines": {
        "node": ">=0.10.0"
      }
    },
    "node_modules/to-regex-range": {
      "version": "5.0.1",
      "resolved": "https://registry.npmjs.org/to-regex-range/-/to-regex-range-5.0.1.tgz",
      "integrity": "sha512-65P7iz6X5yEr1cwcgvQxbbIw7Uk3gOy5dIdtZ4rDveLqhrdJP+Li/Hx6tyK0NEb+2GCyneCMJiGqrADCSNk8sQ==",
      "dev": true,
      "license": "MIT",
      "optional": true,
      "dependencies": {
        "is-number": "^7.0.0"
      },
      "engines": {
        "node": ">=8.0"
      }
    },
    "node_modules/typescript": {
      "version": "5.8.3",
      "resolved": "https://registry.npmjs.org/typescript/-/typescript-5.8.3.tgz",
      "integrity": "sha512-p1diW6TqL9L07nNxvRMM7hMMw4c5XOo/1ibL4aAIGmSAt9slTE1Xgw5KWuof2uTOvCg9BY7ZRi+GaF+7sfgPeQ==",
      "dev": true,
      "license": "Apache-2.0",
      "bin": {
        "tsc": "bin/tsc",
        "tsserver": "bin/tsserver"
      },
      "engines": {
        "node": ">=14.17"
      }
    },
    "node_modules/ws": {
      "version": "8.17.1",
      "resolved": "https://registry.npmjs.org/ws/-/ws-8.17.1.tgz",
      "integrity": "sha512-6XQFvXTkbfUOZOKKILFG1PDK2NDQs4azKQl26T0YS5CxqWLgXajbPZ+h4gZekJyRqFU8pvnbAbbs/3TgRPy+GQ==",
      "license": "MIT",
      "engines": {
        "node": ">=10.0.0"
      },
      "peerDependencies": {
        "bufferutil": "^4.0.1",
        "utf-8-validate": ">=5.0.2"
      },
      "peerDependenciesMeta": {
        "bufferutil": {
          "optional": true
        },
        "utf-8-validate": {
          "optional": true
        }
      }
    },
    "node_modules/xmlhttprequest-ssl": {
      "version": "2.1.2",
      "resolved": "https://registry.npmjs.org/xmlhttprequest-ssl/-/xmlhttprequest-ssl-2.1.2.tgz",
      "integrity": "sha512-TEU+nJVUUnA4CYJFLvK5X9AOeH4KvDvhIfm0vV1GaQRtchnG0hgK5p8hw/xjv8cunWYCsiPCSDzObPyhEwq3KQ==",
      "engines": {
        "node": ">=0.4.0"
      }
    }
  }
}
